
Microsoft Visual Studio Solution File, Format Version 12.00
# Visual Studio Version 16
VisualStudioVersion = 16.0.29728.190
MinimumVisualStudioVersion = 10.0.40219.1
Project("{FAE04EC0-301F-11D3-BF4B-00C04F79EFBC}") = "SampleDapperApp", "SampleDapperApp\SampleDapperApp.csproj", "{B1BAAE9E-6E22-41A7-9C26-2790FD954BA4}"
EndProject
Project("{FAE04EC0-301F-11D3-BF4B-00C04F79EFBC}") = "SampleDapperApp.Domain", "SampleDapperApp.Domain\SampleDapperApp.Domain.csproj", "{61C340F7-453E-4568-8D77-2537DFC81DFD}"
EndProject
Global
	GlobalSection(SolutionConfigurationPlatforms) = preSolution
		Debug|Any CPU = Debug|Any CPU
		Release|Any CPU = Release|Any CPU
	EndGlobalSection
	GlobalSection(ProjectConfigurationPlatforms) = postSolution
		{B1BAAE9E-6E22-41A7-9C26-2790FD954BA4}.Debug|Any CPU.ActiveCfg = Debug|Any CPU
		{B1BAAE9E-6E22-41A7-9C26-2790FD954BA4}.Debug|Any CPU.Build.0 = Debug|Any CPU
		{B1BAAE9E-6E22-41A7-9C26-2790FD954BA4}.Release|Any CPU.ActiveCfg = Release|Any CPU
		{B1BAAE9E-6E22-41A7-9C26-2790FD954BA4}.Release|Any CPU.Build.0 = Release|Any CPU
		{61C340F7-453E-4568-8D77-2537DFC81DFD}.Debug|Any CPU.ActiveCfg = Debug|Any CPU
		{61C340F7-453E-4568-8D77-2537DFC81DFD}.Debug|Any CPU.Build.0 = Debug|Any CPU
		{61C340F7-453E-4568-8D77-2537DFC81DFD}.Release|Any CPU.ActiveCfg = Release|Any CPU
		{61C340F7-453E-4568-8D77-2537DFC81DFD}.Release|Any CPU.Build.0 = Release|Any CPU
	EndGlobalSection
	GlobalSection(SolutionProperties) = preSolution
		HideSolutionNode = FALSE
	EndGlobalSection
	GlobalSection(ExtensibilityGlobals) = postSolution
		SolutionGuid = {8BEC6528-6918-434F-923D-128B1D795C3D}
	EndGlobalSection
EndGlobal
